
Microsoft Visual Studio Solution File, Format Version 12.00
# Visual Studio Version 17
VisualStudioVersion = 17.11.35327.3
MinimumVisualStudioVersion = 10.0.40219.1
Project("{FAE04EC0-301F-11D3-BF4B-00C04F79EFBC}") = "OpenBookImageTool", "OpenBookImageTool\OpenBookImageTool.csproj", "{250C5037-8023-4B67-8E3D-DDD084691DAD}"
EndProject
Project("{FAE04EC0-301F-11D3-BF4B-00C04F79EFBC}") = "LibObiNet", "LibObiNet\LibObiNet.csproj", "{AE790CCC-72D0-4D1D-922A-179A7072E36B}"
EndProject
Project("{FAE04EC0-301F-11D3-BF4B-00C04F79EFBC}") = "LibObiNet.Dithering", "LibObiNet.Dithering\LibObiNet.Dithering.csproj", "{01D7D095-D0BD-4217-8277-076530BBACCD}"
EndProject
Global
	GlobalSection(SolutionConfigurationPlatforms) = preSolution
		Debug|Any CPU = Debug|Any CPU
		Release|Any CPU = Release|Any CPU
	EndGlobalSection
	GlobalSection(ProjectConfigurationPlatforms) = postSolution
		{250C5037-8023-4B67-8E3D-DDD084691DAD}.Debug|Any CPU.ActiveCfg = Debug|Any CPU
		{250C5037-8023-4B67-8E3D-DDD084691DAD}.Debug|Any CPU.Build.0 = Debug|Any CPU
		{250C5037-8023-4B67-8E3D-DDD084691DAD}.Release|Any CPU.ActiveCfg = Release|Any CPU
		{250C5037-8023-4B67-8E3D-DDD084691DAD}.Release|Any CPU.Build.0 = Release|Any CPU
		{AE790CCC-72D0-4D1D-922A-179A7072E36B}.Debug|Any CPU.ActiveCfg = Debug|Any CPU
		{AE790CCC-72D0-4D1D-922A-179A7072E36B}.Debug|Any CPU.Build.0 = Debug|Any CPU
		{AE790CCC-72D0-4D1D-922A-179A7072E36B}.Release|Any CPU.ActiveCfg = Release|Any CPU
		{AE790CCC-72D0-4D1D-922A-179A7072E36B}.Release|Any CPU.Build.0 = Release|Any CPU
		{01D7D095-D0BD-4217-8277-076530BBACCD}.Debug|Any CPU.ActiveCfg = Debug|Any CPU
		{01D7D095-D0BD-4217-8277-076530BBACCD}.Debug|Any CPU.Build.0 = Debug|Any CPU
		{01D7D095-D0BD-4217-8277-076530BBACCD}.Release|Any CPU.ActiveCfg = Release|Any CPU
		{01D7D095-D0BD-4217-8277-076530BBACCD}.Release|Any CPU.Build.0 = Release|Any CPU
	EndGlobalSection
	GlobalSection(SolutionProperties) = preSolution
		HideSolutionNode = FALSE
	EndGlobalSection
	GlobalSection(ExtensibilityGlobals) = postSolution
		SolutionGuid = {37FC371D-7EA2-4AE8-8075-872B7C7AC385}
	EndGlobalSection
EndGlobal
